{
  "name": "@s1seven/nestjs-tools-lock",
  "version": "0.4.2",
  "lockfileVersion": 2,
  "requires": true,
  "packages": {
    "": {
      "name": "@s1seven/nestjs-tools-lock",
      "version": "0.4.2",
      "license": "ISC",
      "dependencies": {
        "@nestjs/common": "^8.4.1",
        "@nestjs/core": "^8.4.1",
        "node-redis-warlock": "^1.0.2",
        "redis": "^3.1.2",
        "reflect-metadata": "^0.1.13"
      },
      "devDependencies": {
        "@nestjs/config": "^1.2.0",
        "@nestjs/testing": "^8.4.1",
        "@types/node": "^16.11.6",
        "@types/redis": "^2.8.31"
      },
      "peerDependencies": {
        "rxjs": "^7.5.4"
      }
    },
    "node_modules/@nestjs/common": {
      "version": "8.4.1",
      "resolved": "https://registry.npmjs.org/@nestjs/common/-/common-8.4.1.tgz",
      "integrity": "sha512-g6beLHvJ2cCIdlW8Uui8rQh3+oxLOBLzDIk3yWH4ocp2HEgOJwF0iUv/pk33tFuwbXESIGMK8K165cpZUjNoxA==",
      "dependencies": {
        "axios": "0.26.1",
        "iterare": "1.2.1",
        "tslib": "2.3.1",
        "uuid": "8.3.2"
      },
      "funding": {
        "type": "opencollective",
        "url": "https://opencollective.com/nest"
      },
      "peerDependencies": {
        "cache-manager": "*",
        "class-transformer": "*",
        "class-validator": "*",
        "reflect-metadata": "^0.1.12",
        "rxjs": "^7.1.0"
      },
      "peerDependenciesMeta": {
        "cache-manager": {
          "optional": true
        },
        "class-transformer": {
          "optional": true
        },
        "class-validator": {
          "optional": true
        }
      }
    },
    "node_modules/@nestjs/config": {
      "version": "1.2.0",
      "resolved": "https://registry.npmjs.org/@nestjs/config/-/config-1.2.0.tgz",
      "integrity": "sha512-GGZOj2g6EMZ23orsQqeD2Vs5E2ZrmAiB0qCGvERv+5nQmZjY4nKkisG4awQsym1uotmmzgtsd9lOiKqTIFONhA==",
      "dev": true,
      "dependencies": {
        "dotenv": "16.0.0",
        "dotenv-expand": "8.0.1",
        "lodash": "4.17.21",
        "uuid": "8.3.2"
      },
      "peerDependencies": {
        "@nestjs/common": "^7.0.0 || ^8.0.0",
        "reflect-metadata": "^0.1.13",
        "rxjs": "^6.0.0 || ^7.2.0"
      }
    },
    "node_modules/@nestjs/core": {
      "version": "8.4.1",
      "resolved": "https://registry.npmjs.org/@nestjs/core/-/core-8.4.1.tgz",
      "integrity": "sha512-JUV2cy/5z8MS2SRwszLmyOCclMMlyumxIbC1YFFlnSInhu7ODhrHLIMztyGmyAIuaehbOnyXPtHkjl01rHxc5w==",
      "hasInstallScript": true,
      "dependencies": {
        "@nuxtjs/opencollective": "0.3.2",
        "fast-safe-stringify": "2.1.1",
        "iterare": "1.2.1",
        "object-hash": "3.0.0",
        "path-to-regexp": "3.2.0",
        "tslib": "2.3.1",
        "uuid": "8.3.2"
      },
      "funding": {
        "type": "opencollective",
        "url": "https://opencollective.com/nest"
      },
      "peerDependencies": {
        "@nestjs/common": "^8.0.0",
        "@nestjs/microservices": "^8.0.0",
        "@nestjs/platform-express": "^8.0.0",
        "@nestjs/websockets": "^8.0.0",
        "reflect-metadata": "^0.1.12",
        "rxjs": "^7.1.0"
      },
      "peerDependenciesMeta": {
        "@nestjs/microservices": {
          "optional": true
        },
        "@nestjs/platform-express": {
          "optional": true
        },
        "@nestjs/websockets": {
          "optional": true
        }
      }
    },
    "node_modules/@nestjs/testing": {
      "version": "8.4.1",
      "resolved": "https://registry.npmjs.org/@nestjs/testing/-/testing-8.4.1.tgz",
      "integrity": "sha512-LOvsLuNh2eRwAtyeoIZWmUZ08wt7QrPrKQujWuRyv+vBYtC+FLHjqreWLpwG2yulNEoQs9Qlr2ubPvFGT1953g==",
      "dev": true,
      "dependencies": {
        "optional": "0.1.4",
        "tslib": "2.3.1"
      },
      "funding": {
        "type": "opencollective",
        "url": "https://opencollective.com/nest"
      },
      "peerDependencies": {
        "@nestjs/common": "^8.0.0",
        "@nestjs/core": "^8.0.0",
        "@nestjs/microservices": "^8.0.0",
        "@nestjs/platform-express": "^8.0.0"
      },
      "peerDependenciesMeta": {
        "@nestjs/microservices": {
          "optional": true
        },
        "@nestjs/platform-express": {
          "optional": true
        }
      }
    },
    "node_modules/@nuxtjs/opencollective": {
      "version": "0.3.2",
      "license": "MIT",
      "dependencies": {
        "chalk": "^4.1.0",
        "consola": "^2.15.0",
        "node-fetch": "^2.6.1"
      },
      "bin": {
        "opencollective": "bin/opencollective.js"
      },
      "engines": {
        "node": ">=8.0.0",
        "npm": ">=5.0.0"
      }
    },
    "node_modules/@types/node": {
      "version": "16.11.6",
      "dev": true,
      "license": "MIT"
    },
    "node_modules/@types/redis": {
      "version": "2.8.32",
      "dev": true,
      "license": "MIT",
      "dependencies": {
        "@types/node": "*"
      }
    },
    "node_modules/ansi-styles": {
      "version": "4.3.0",
      "license": "MIT",
      "dependencies": {
        "color-convert": "^2.0.1"
      },
      "engines": {
        "node": ">=8"
      },
      "funding": {
        "url": "https://github.com/chalk/ansi-styles?sponsor=1"
      }
    },
    "node_modules/axios": {
      "version": "0.26.1",
      "resolved": "https://registry.npmjs.org/axios/-/axios-0.26.1.tgz",
      "integrity": "sha512-fPwcX4EvnSHuInCMItEhAGnaSEXRBjtzh9fOtsE6E1G6p7vl7edEeZe11QHf18+6+9gR5PbKV/sGKNaD8YaMeA==",
      "dependencies": {
        "follow-redirects": "^1.14.8"
      }
    },
    "node_modules/chalk": {
      "version": "4.1.2",
      "license": "MIT",
      "dependencies": {
        "ansi-styles": "^4.1.0",
        "supports-color": "^7.1.0"
      },
      "engines": {
        "node": ">=10"
      },
      "funding": {
        "url": "https://github.com/chalk/chalk?sponsor=1"
      }
    },
    "node_modules/color-convert": {
      "version": "2.0.1",
      "license": "MIT",
      "dependencies": {
        "color-name": "~1.1.4"
      },
      "engines": {
        "node": ">=7.0.0"
      }
    },
    "node_modules/color-name": {
      "version": "1.1.4",
      "license": "MIT"
    },
    "node_modules/consola": {
      "version": "2.15.3",
      "license": "MIT"
    },
    "node_modules/denque": {
      "version": "1.5.1",
      "license": "Apache-2.0",
      "engines": {
        "node": ">=0.10"
      }
    },
    "node_modules/dotenv": {
      "version": "16.0.0",
      "resolved": "https://registry.npmjs.org/dotenv/-/dotenv-16.0.0.tgz",
      "integrity": "sha512-qD9WU0MPM4SWLPJy/r2Be+2WgQj8plChsyrCNQzW/0WjvcJQiKQJ9mH3ZgB3fxbUUxgc/11ZJ0Fi5KiimWGz2Q==",
      "dev": true,
      "engines": {
        "node": ">=12"
      }
    },
    "node_modules/dotenv-expand": {
      "version": "8.0.1",
      "resolved": "https://registry.npmjs.org/dotenv-expand/-/dotenv-expand-8.0.1.tgz",
      "integrity": "sha512-j/Ih7bIERDR5PzI89Zu8ayd3tXZ6E3dbY0ljQ9Db0K87qBO8zdLsi2dIvDHMWtjC3Yxb8XixOTHAtia0fDHRpg==",
      "dev": true,
      "engines": {
        "node": ">=12"
      }
    },
    "node_modules/fast-safe-stringify": {
      "version": "2.1.1",
      "license": "MIT"
    },
    "node_modules/follow-redirects": {
      "version": "1.14.9",
      "resolved": "https://registry.npmjs.org/follow-redirects/-/follow-redirects-1.14.9.tgz",
      "integrity": "sha512-MQDfihBQYMcyy5dhRDJUHcw7lb2Pv/TuE6xP1vyraLukNDHKbDxDNaOE3NbCAdKQApno+GPRyo1YAp89yCjK4w==",
      "funding": [
        {
          "type": "individual",
          "url": "https://github.com/sponsors/RubenVerborgh"
        }
      ],
      "engines": {
        "node": ">=4.0"
      },
      "peerDependenciesMeta": {
        "debug": {
          "optional": true
        }
      }
    },
    "node_modules/has-flag": {
      "version": "4.0.0",
      "license": "MIT",
      "engines": {
        "node": ">=8"
      }
    },
    "node_modules/iterare": {
      "version": "1.2.1",
      "license": "ISC",
      "engines": {
        "node": ">=6"
      }
    },
    "node_modules/lodash": {
      "version": "4.17.21",
      "resolved": "https://registry.npmjs.org/lodash/-/lodash-4.17.21.tgz",
      "integrity": "sha512-v2kDEe57lecTulaDIuNTPy3Ry4gLGJ6Z1O3vE1krgXZNrsQ+LFTGHVxVjcXPs17LhbZVGedAJv8XZ1tvj5FvSg==",
      "dev": true
    },
    "node_modules/node-fetch": {
      "version": "2.6.7",
      "license": "MIT",
      "dependencies": {
        "whatwg-url": "^5.0.0"
      },
      "engines": {
        "node": "4.x || >=6.0.0"
      },
      "peerDependencies": {
        "encoding": "^0.1.0"
      },
      "peerDependenciesMeta": {
        "encoding": {
          "optional": true
        }
      }
    },
    "node_modules/node-redis-script": {
      "version": "2.0.1",
      "license": "MIT"
    },
    "node_modules/node-redis-warlock": {
      "version": "1.0.2",
      "license": "MIT",
      "dependencies": {
        "node-redis-script": "^2.0.1",
        "uuid": "^8.3.2"
      }
    },
    "node_modules/object-hash": {
      "version": "3.0.0",
      "resolved": "https://registry.npmjs.org/object-hash/-/object-hash-3.0.0.tgz",
      "integrity": "sha512-RSn9F68PjH9HqtltsSnqYC1XXoWe9Bju5+213R98cNGttag9q9yAOTzdbsqvIa7aNm5WffBZFpWYr2aWrklWAw==",
      "engines": {
        "node": ">= 6"
      }
    },
    "node_modules/optional": {
      "version": "0.1.4",
      "dev": true,
      "license": "MIT"
    },
    "node_modules/path-to-regexp": {
      "version": "3.2.0",
      "license": "MIT"
    },
    "node_modules/redis": {
      "version": "3.1.2",
      "license": "MIT",
      "dependencies": {
        "denque": "^1.5.0",
        "redis-commands": "^1.7.0",
        "redis-errors": "^1.2.0",
        "redis-parser": "^3.0.0"
      },
      "engines": {
        "node": ">=10"
      },
      "funding": {
        "type": "opencollective",
        "url": "https://opencollective.com/node-redis"
      }
    },
    "node_modules/redis-commands": {
      "version": "1.7.0",
      "license": "MIT"
    },
    "node_modules/redis-errors": {
      "version": "1.2.0",
      "license": "MIT",
      "engines": {
        "node": ">=4"
      }
    },
    "node_modules/redis-parser": {
      "version": "3.0.0",
      "license": "MIT",
      "dependencies": {
        "redis-errors": "^1.0.0"
      },
      "engines": {
        "node": ">=4"
      }
    },
    "node_modules/reflect-metadata": {
      "version": "0.1.13",
      "license": "Apache-2.0"
    },
    "node_modules/rxjs": {
      "version": "7.5.4",
      "license": "Apache-2.0",
      "peer": true,
      "dependencies": {
        "tslib": "^2.1.0"
      }
    },
    "node_modules/supports-color": {
      "version": "7.2.0",
      "license": "MIT",
      "dependencies": {
        "has-flag": "^4.0.0"
      },
      "engines": {
        "node": ">=8"
      }
    },
    "node_modules/tr46": {
      "version": "0.0.3",
      "license": "MIT"
    },
    "node_modules/tslib": {
      "version": "2.3.1",
      "license": "0BSD"
    },
    "node_modules/uuid": {
      "version": "8.3.2",
      "license": "MIT",
      "bin": {
        "uuid": "dist/bin/uuid"
      }
    },
    "node_modules/webidl-conversions": {
      "version": "3.0.1",
      "license": "BSD-2-Clause"
    },
    "node_modules/whatwg-url": {
      "version": "5.0.0",
      "license": "MIT",
      "dependencies": {
        "tr46": "~0.0.3",
        "webidl-conversions": "^3.0.0"
      }
    }
  },
  "dependencies": {
    "@nestjs/common": {
      "version": "8.4.1",
      "resolved": "https://registry.npmjs.org/@nestjs/common/-/common-8.4.1.tgz",
      "integrity": "sha512-g6beLHvJ2cCIdlW8Uui8rQh3+oxLOBLzDIk3yWH4ocp2HEgOJwF0iUv/pk33tFuwbXESIGMK8K165cpZUjNoxA==",
      "requires": {
        "axios": "0.26.1",
        "iterare": "1.2.1",
        "tslib": "2.3.1",
        "uuid": "8.3.2"
      }
    },
    "@nestjs/config": {
      "version": "1.2.0",
      "resolved": "https://registry.npmjs.org/@nestjs/config/-/config-1.2.0.tgz",
      "integrity": "sha512-GGZOj2g6EMZ23orsQqeD2Vs5E2ZrmAiB0qCGvERv+5nQmZjY4nKkisG4awQsym1uotmmzgtsd9lOiKqTIFONhA==",
      "dev": true,
      "requires": {
        "dotenv": "16.0.0",
        "dotenv-expand": "8.0.1",
        "lodash": "4.17.21",
        "uuid": "8.3.2"
      }
    },
    "@nestjs/core": {
      "version": "8.4.1",
      "resolved": "https://registry.npmjs.org/@nestjs/core/-/core-8.4.1.tgz",
      "integrity": "sha512-JUV2cy/5z8MS2SRwszLmyOCclMMlyumxIbC1YFFlnSInhu7ODhrHLIMztyGmyAIuaehbOnyXPtHkjl01rHxc5w==",
      "requires": {
        "@nuxtjs/opencollective": "0.3.2",
        "fast-safe-stringify": "2.1.1",
        "iterare": "1.2.1",
        "object-hash": "3.0.0",
        "path-to-regexp": "3.2.0",
        "tslib": "2.3.1",
        "uuid": "8.3.2"
      }
    },
    "@nestjs/testing": {
      "version": "8.4.1",
      "resolved": "https://registry.npmjs.org/@nestjs/testing/-/testing-8.4.1.tgz",
      "integrity": "sha512-LOvsLuNh2eRwAtyeoIZWmUZ08wt7QrPrKQujWuRyv+vBYtC+FLHjqreWLpwG2yulNEoQs9Qlr2ubPvFGT1953g==",
      "dev": true,
      "requires": {
        "optional": "0.1.4",
        "tslib": "2.3.1"
      }
    },
    "@nuxtjs/opencollective": {
      "version": "0.3.2",
      "requires": {
        "chalk": "^4.1.0",
        "consola": "^2.15.0",
        "node-fetch": "^2.6.1"
      }
    },
    "@types/node": {
      "version": "16.11.6",
      "dev": true
    },
    "@types/redis": {
      "version": "2.8.32",
      "dev": true,
      "requires": {
        "@types/node": "*"
      }
    },
    "ansi-styles": {
      "version": "4.3.0",
      "requires": {
        "color-convert": "^2.0.1"
      }
    },
    "axios": {
      "version": "0.26.1",
      "resolved": "https://registry.npmjs.org/axios/-/axios-0.26.1.tgz",
      "integrity": "sha512-fPwcX4EvnSHuInCMItEhAGnaSEXRBjtzh9fOtsE6E1G6p7vl7edEeZe11QHf18+6+9gR5PbKV/sGKNaD8YaMeA==",
      "requires": {
        "follow-redirects": "^1.14.8"
      }
    },
    "chalk": {
      "version": "4.1.2",
      "requires": {
        "ansi-styles": "^4.1.0",
        "supports-color": "^7.1.0"
      }
    },
    "color-convert": {
      "version": "2.0.1",
      "requires": {
        "color-name": "~1.1.4"
      }
    },
    "color-name": {
      "version": "1.1.4"
    },
    "consola": {
      "version": "2.15.3"
    },
    "denque": {
      "version": "1.5.1"
    },
    "dotenv": {
      "version": "16.0.0",
      "resolved": "https://registry.npmjs.org/dotenv/-/dotenv-16.0.0.tgz",
      "integrity": "sha512-qD9WU0MPM4SWLPJy/r2Be+2WgQj8plChsyrCNQzW/0WjvcJQiKQJ9mH3ZgB3fxbUUxgc/11ZJ0Fi5KiimWGz2Q==",
      "dev": true
    },
    "dotenv-expand": {
      "version": "8.0.1",
      "resolved": "https://registry.npmjs.org/dotenv-expand/-/dotenv-expand-8.0.1.tgz",
      "integrity": "sha512-j/Ih7bIERDR5PzI89Zu8ayd3tXZ6E3dbY0ljQ9Db0K87qBO8zdLsi2dIvDHMWtjC3Yxb8XixOTHAtia0fDHRpg==",
      "dev": true
    },
    "fast-safe-stringify": {
      "version": "2.1.1"
    },
    "follow-redirects": {
      "version": "1.14.9",
      "resolved": "https://registry.npmjs.org/follow-redirects/-/follow-redirects-1.14.9.tgz",
      "integrity": "sha512-MQDfihBQYMcyy5dhRDJUHcw7lb2Pv/TuE6xP1vyraLukNDHKbDxDNaOE3NbCAdKQApno+GPRyo1YAp89yCjK4w=="
    },
    "has-flag": {
      "version": "4.0.0"
    },
    "iterare": {
      "version": "1.2.1"
    },
    "lodash": {
      "version": "4.17.21",
      "resolved": "https://registry.npmjs.org/lodash/-/lodash-4.17.21.tgz",
      "integrity": "sha512-v2kDEe57lecTulaDIuNTPy3Ry4gLGJ6Z1O3vE1krgXZNrsQ+LFTGHVxVjcXPs17LhbZVGedAJv8XZ1tvj5FvSg==",
      "dev": true
    },
    "node-fetch": {
      "version": "2.6.7",
      "requires": {
        "whatwg-url": "^5.0.0"
      }
    },
    "node-redis-script": {
      "version": "2.0.1"
    },
    "node-redis-warlock": {
      "version": "1.0.2",
      "requires": {
        "node-redis-script": "^2.0.1",
        "uuid": "^8.3.2"
      }
    },
    "object-hash": {
      "version": "3.0.0",
      "resolved": "https://registry.npmjs.org/object-hash/-/object-hash-3.0.0.tgz",
      "integrity": "sha512-RSn9F68PjH9HqtltsSnqYC1XXoWe9Bju5+213R98cNGttag9q9yAOTzdbsqvIa7aNm5WffBZFpWYr2aWrklWAw=="
    },
    "optional": {
      "version": "0.1.4",
      "dev": true
    },
    "path-to-regexp": {
      "version": "3.2.0"
    },
    "redis": {
      "version": "3.1.2",
      "requires": {
        "denque": "^1.5.0",
        "redis-commands": "^1.7.0",
        "redis-errors": "^1.2.0",
        "redis-parser": "^3.0.0"
      }
    },
    "redis-commands": {
      "version": "1.7.0"
    },
    "redis-errors": {
      "version": "1.2.0"
    },
    "redis-parser": {
      "version": "3.0.0",
      "requires": {
        "redis-errors": "^1.0.0"
      }
    },
    "reflect-metadata": {
      "version": "0.1.13"
    },
    "rxjs": {
      "version": "7.5.4",
      "peer": true,
      "requires": {
        "tslib": "^2.1.0"
      }
    },
    "supports-color": {
      "version": "7.2.0",
      "requires": {
        "has-flag": "^4.0.0"
      }
    },
    "tr46": {
      "version": "0.0.3"
    },
    "tslib": {
      "version": "2.3.1"
    },
    "uuid": {
      "version": "8.3.2"
    },
    "webidl-conversions": {
      "version": "3.0.1"
    },
    "whatwg-url": {
      "version": "5.0.0",
      "requires": {
        "tr46": "~0.0.3",
        "webidl-conversions": "^3.0.0"
      }
    }
  }
}
