{
  "name": "@s1seven/cluster-service",
  "version": "0.15.3",
  "lockfileVersion": 2,
  "requires": true,
  "packages": {
    "": {
      "name": "@s1seven/cluster-service",
      "version": "0.15.3",
      "license": "ISC",
      "dependencies": {
        "@s1seven/typed-event-emitter": "^0.1.0"
      }
    },
    "../typed-event-emitter": {
      "name": "@s1seven/typed-event-emitter",
      "version": "0.1.0",
      "license": "ISC"
    },
    "node_modules/@s1seven/typed-event-emitter": {
      "resolved": "../typed-event-emitter",
      "link": true
    }
  },
  "dependencies": {
    "@s1seven/typed-event-emitter": {
      "version": "file:../typed-event-emitter"
    }
  }
}
